// !$*UTF8*$!
{
	archiveVersion = 1;
	classes = {
	};
	objectVersion = 50;
	objects = {

/* Begin PBXBuildFile section */
		EA29385F26BFB103000B5045 /* AppDelegate.swift in Sources */ = {isa = PBXBuildFile; fileRef = EA29385E26BFB103000B5045 /* AppDelegate.swift */; };
		EA29386126BFB103000B5045 /* SceneDelegate.swift in Sources */ = {isa = PBXBuildFile; fileRef = EA29386026BFB103000B5045 /* SceneDelegate.swift */; };
		EA29386326BFB103000B5045 /* ViewController.swift in Sources */ = {isa = PBXBuildFile; fileRef = EA29386226BFB103000B5045 /* ViewController.swift */; };
		EA29386626BFB103000B5045 /* Main.storyboard in Resources */ = {isa = PBXBuildFile; fileRef = EA29386426BFB103000B5045 /* Main.storyboard */; };
		EA29386826BFB104000B5045 /* Assets.xcassets in Resources */ = {isa = PBXBuildFile; fileRef = EA29386726BFB104000B5045 /* Assets.xcassets */; };
		EA29386B26BFB104000B5045 /* LaunchScreen.storyboard in Resources */ = {isa = PBXBuildFile; fileRef = EA29386926BFB104000B5045 /* LaunchScreen.storyboard */; };
		EA29387626BFB104000B5045 /* PreworkTests.swift in Sources */ = {isa = PBXBuildFile; fileRef = EA29387526BFB104000B5045 /* PreworkTests.swift */; };
		EA29388126BFB105000B5045 /* PreworkUITests.swift in Sources */ = {isa = PBXBuildFile; fileRef = EA29388026BFB105000B5045 /* PreworkUITests.swift */; };
/* End PBXBuildFile section */

/* Begin PBXContainerItemProxy section */
		EA29387226BFB104000B5045 /* PBXContainerItemProxy */ = {
			isa = PBXContainerItemProxy;
			containerPortal = EA29385326BFB103000B5045 /* Project object */;
			proxyType = 1;
			remoteGlobalIDString = EA29385A26BFB103000B5045;
			remoteInfo = Prework;
		};
		EA29387D26BFB104000B5045 /* PBXContainerItemProxy */ = {
			isa = PBXContainerItemProxy;
			containerPortal = EA29385326BFB103000B5045 /* Project object */;
			proxyType = 1;
			remoteGlobalIDString = EA29385A26BFB103000B5045;
			remoteInfo = Prework;
		};
/* End PBXContainerItemProxy section */

/* Begin PBXFileReference section */
		EA29385B26BFB103000B5045 /* Prework.app */ = {isa = PBXFileReference; explicitFileType = wrapper.application; includeInIndex = 0; path = Prework.app; sourceTree = BUILT_PRODUCTS_DIR; };
		EA29385E26BFB103000B5045 /* AppDelegate.swift */ = {isa = PBXFileReference; lastKnownFileType = sourcecode.swift; path = AppDelegate.swift; sourceTree = "<group>"; };
		EA29386026BFB103000B5045 /* SceneDelegate.swift */ = {isa = PBXFileReference; lastKnownFileType = sourcecode.swift; path = SceneDelegate.swift; sourceTree = "<group>"; };
		EA29386226BFB103000B5045 /* ViewController.swift */ = {isa = PBXFileReference; lastKnownFileType = sourcecode.swift; path = ViewController.swift; sourceTree = "<group>"; };
		EA29386526BFB103000B5045 /* Base */ = {isa = PBXFileReference; lastKnownFileType = file.storyboard; name = Base; path = Base.lproj/Main.storyboard; sourceTree = "<group>"; };
		EA29386726BFB104000B5045 /* Assets.xcassets */ = {isa = PBXFileReference; lastKnownFileType = folder.assetcatalog; path = Assets.xcassets; sourceTree = "<group>"; };
		EA29386A26BFB104000B5045 /* Base */ = {isa = PBXFileReference; lastKnownFileType = file.storyboard; name = Base; path = Base.lproj/LaunchScreen.storyboard; sourceTree = "<group>"; };
		EA29386C26BFB104000B5045 /* Info.plist */ = {isa = PBXFileReference; lastKnownFileType = text.plist.xml; path = Info.plist; sourceTree = "<group>"; };
		EA29387126BFB104000B5045 /* PreworkTests.xctest */ = {isa = PBXFileReference; explicitFileType = wrapper.cfbundle; includeInIndex = 0; path = PreworkTests.xctest; sourceTree = BUILT_PRODUCTS_DIR; };
		EA29387526BFB104000B5045 /* PreworkTests.swift */ = {isa = PBXFileReference; lastKnownFileType = sourcecode.swift; path = PreworkTests.swift; sourceTree = "<group>"; };
		EA29387726BFB104000B5045 /* Info.plist */ = {isa = PBXFileReference; lastKnownFileType = text.plist.xml; path = Info.plist; sourceTree = "<group>"; };
		EA29387C26BFB104000B5045 /* PreworkUITests.xctest */ = {isa = PBXFileReference; explicitFileType = wrapper.cfbundle; includeInIndex = 0; path = PreworkUITests.xctest; sourceTree = BUILT_PRODUCTS_DIR; };
		EA29388026BFB105000B5045 /* PreworkUITests.swift */ = {isa = PBXFileReference; lastKnownFileType = sourcecode.swift; path = PreworkUITests.swift; sourceTree = "<group>"; };
		EA29388226BFB105000B5045 /* Info.plist */ = {isa = PBXFileReference; lastKnownFileType = text.plist.xml; path = Info.plist; sourceTree = "<group>"; };
/* End PBXFileReference section */

/* Begin PBXFrameworksBuildPhase section */
		EA29385826BFB103000B5045 /* Frameworks */ = {
			isa = PBXFrameworksBuildPhase;
			buildActionMask = 2147483647;
			files = (
			);
			runOnlyForDeploymentPostprocessing = 0;
		};
		EA29386E26BFB104000B5045 /* Frameworks */ = {
			isa = PBXFrameworksBuildPhase;
			buildActionMask = 2147483647;
			files = (
			);
			runOnlyForDeploymentPostprocessing = 0;
		};
		EA29387926BFB104000B5045 /* Frameworks */ = {
			isa = PBXFrameworksBuildPhase;
			buildActionMask = 2147483647;
			files = (
			);
			runOnlyForDeploymentPostprocessing = 0;
		};
/* End PBXFrameworksBuildPhase section */

/* Begin PBXGroup section */
		EA29385226BFB103000B5045 = {
			isa = PBXGroup;
			children = (
				EA29385D26BFB103000B5045 /* Prework */,
				EA29387426BFB104000B5045 /* PreworkTests */,
				EA29387F26BFB105000B5045 /* PreworkUITests */,
				EA29385C26BFB103000B5045 /* Products */,
			);
			sourceTree = "<group>";
		};
		EA29385C26BFB103000B5045 /* Products */ = {
			isa = PBXGroup;
			children = (
				EA29385B26BFB103000B5045 /* Prework.app */,
				EA29387126BFB104000B5045 /* PreworkTests.xctest */,
				EA29387C26BFB104000B5045 /* PreworkUITests.xctest */,
			);
			name = Products;
			sourceTree = "<group>";
		};
		EA29385D26BFB103000B5045 /* Prework */ = {
			isa = PBXGroup;
			children = (
				EA29385E26BFB103000B5045 /* AppDelegate.swift */,
				EA29386026BFB103000B5045 /* SceneDelegate.swift */,
				EA29386226BFB103000B5045 /* ViewController.swift */,
				EA29386426BFB103000B5045 /* Main.storyboard */,
				EA29386726BFB104000B5045 /* Assets.xcassets */,
				EA29386926BFB104000B5045 /* LaunchScreen.storyboard */,
				EA29386C26BFB104000B5045 /* Info.plist */,
			);
			path = Prework;
			sourceTree = "<group>";
		};
		EA29387426BFB104000B5045 /* PreworkTests */ = {
			isa = PBXGroup;
			children = (
				EA29387526BFB104000B5045 /* PreworkTests.swift */,
				EA29387726BFB104000B5045 /* Info.plist */,
			);
			path = PreworkTests;
			sourceTree = "<group>";
		};
		EA29387F26BFB105000B5045 /* PreworkUITests */ = {
			isa = PBXGroup;
			children = (
				EA29388026BFB105000B5045 /* PreworkUITests.swift */,
				EA29388226BFB105000B5045 /* Info.plist */,
			);
			path = PreworkUITests;
			sourceTree = "<group>";
		};
/* End PBXGroup section */

/* Begin PBXNativeTarget section */
		EA29385A26BFB103000B5045 /* Prework */ = {
			isa = PBXNativeTarget;
			buildConfigurationList = EA29388526BFB105000B5045 /* Build configuration list for PBXNativeTarget "Prework" */;
			buildPhases = (
				EA29385726BFB103000B5045 /* Sources */,
				EA29385826BFB103000B5045 /* Frameworks */,
				EA29385926BFB103000B5045 /* Resources */,
			);
			buildRules = (
			);
			dependencies = (
			);
			name = Prework;
			productName = Prework;
			productReference = EA29385B26BFB103000B5045 /* Prework.app */;
			productType = "com.apple.product-type.application";
		};
		EA29387026BFB104000B5045 /* PreworkTests */ = {
			isa = PBXNativeTarget;
			buildConfigurationList = EA29388826BFB105000B5045 /* Build configuration list for PBXNativeTarget "PreworkTests" */;
			buildPhases = (
				EA29386D26BFB104000B5045 /* Sources */,
				EA29386E26BFB104000B5045 /* Frameworks */,
				EA29386F26BFB104000B5045 /* Resources */,
			);
			buildRules = (
			);
			dependencies = (
				EA29387326BFB104000B5045 /* PBXTargetDependency */,
			);
			name = PreworkTests;
			productName = PreworkTests;
			productReference = EA29387126BFB104000B5045 /* PreworkTests.xctest */;
			productType = "com.apple.product-type.bundle.unit-test";
		};
		EA29387B26BFB104000B5045 /* PreworkUITests */ = {
			isa = PBXNativeTarget;
			buildConfigurationList = EA29388B26BFB105000B5045 /* Build configuration list for PBXNativeTarget "PreworkUITests" */;
			buildPhases = (
				EA29387826BFB104000B5045 /* Sources */,
				EA29387926BFB104000B5045 /* Frameworks */,
				EA29387A26BFB104000B5045 /* Resources */,
			);
			buildRules = (
			);
			dependencies = (
				EA29387E26BFB104000B5045 /* PBXTargetDependency */,
			);
			name = PreworkUITests;
			productName = PreworkUITests;
			productReference = EA29387C26BFB104000B5045 /* PreworkUITests.xctest */;
			productType = "com.apple.product-type.bundle.ui-testing";
		};
/* End PBXNativeTarget section */

/* Begin PBXProject section */
		EA29385326BFB103000B5045 /* Project object */ = {
			isa = PBXProject;
			attributes = {
				LastSwiftUpdateCheck = 1250;
				LastUpgradeCheck = 1250;
				TargetAttributes = {
					EA29385A26BFB103000B5045 = {
						CreatedOnToolsVersion = 12.5.1;
					};
					EA29387026BFB104000B5045 = {
						CreatedOnToolsVersion = 12.5.1;
						TestTargetID = EA29385A26BFB103000B5045;
					};
					EA29387B26BFB104000B5045 = {
						CreatedOnToolsVersion = 12.5.1;
						TestTargetID = EA29385A26BFB103000B5045;
					};
				};
			};
			buildConfigurationList = EA29385626BFB103000B5045 /* Build configuration list for PBXProject "Prework" */;
			compatibilityVersion = "Xcode 9.3";
			developmentRegion = en;
			hasScannedForEncodings = 0;
			knownRegions = (
				en,
				Base,
			);
			mainGroup = EA29385226BFB103000B5045;
			productRefGroup = EA29385C26BFB103000B5045 /* Products */;
			projectDirPath = "";
			projectRoot = "";
			targets = (
				EA29385A26BFB103000B5045 /* Prework */,
				EA29387026BFB104000B5045 /* PreworkTests */,
				EA29387B26BFB104000B5045 /* PreworkUITests */,
			);
		};
/* End PBXProject section */

/* Begin PBXResourcesBuildPhase section */
		EA29385926BFB103000B5045 /* Resources */ = {
			isa = PBXResourcesBuildPhase;
			buildActionMask = 2147483647;
			files = (
				EA29386B26BFB104000B5045 /* LaunchScreen.storyboard in Resources */,
				EA29386826BFB104000B5045 /* Assets.xcassets in Resources */,
				EA29386626BFB103000B5045 /* Main.storyboard in Resources */,
			);
			runOnlyForDeploymentPostprocessing = 0;
		};
		EA29386F26BFB104000B5045 /* Resources */ = {
			isa = PBXResourcesBuildPhase;
			buildActionMask = 2147483647;
			files = (
			);
			runOnlyForDeploymentPostprocessing = 0;
		};
		EA29387A26BFB104000B5045 /* Resources */ = {
			isa = PBXResourcesBuildPhase;
			buildActionMask = 2147483647;
			files = (
			);
			runOnlyForDeploymentPostprocessing = 0;
		};
/* End PBXResourcesBuildPhase section */

/* Begin PBXSourcesBuildPhase section */
		EA29385726BFB103000B5045 /* Sources */ = {
			isa = PBXSourcesBuildPhase;
			buildActionMask = 2147483647;
			files = (
				EA29386326BFB103000B5045 /* ViewController.swift in Sources */,
				EA29385F26BFB103000B5045 /* AppDelegate.swift in Sources */,
				EA29386126BFB103000B5045 /* SceneDelegate.swift in Sources */,
			);
			runOnlyForDeploymentPostprocessing = 0;
		};
		EA29386D26BFB104000B5045 /* Sources */ = {
			isa = PBXSourcesBuildPhase;
			buildActionMask = 2147483647;
			files = (
				EA29387626BFB104000B5045 /* PreworkTests.swift in Sources */,
			);
			runOnlyForDeploymentPostprocessing = 0;
		};
		EA29387826BFB104000B5045 /* Sources */ = {
			isa = PBXSourcesBuildPhase;
			buildActionMask = 2147483647;
			files = (
				EA29388126BFB105000B5045 /* PreworkUITests.swift in Sources */,
			);
			runOnlyForDeploymentPostprocessing = 0;
		};
/* End PBXSourcesBuildPhase section */

/* Begin PBXTargetDependency section */
		EA29387326BFB104000B5045 /* PBXTargetDependency */ = {
			isa = PBXTargetDependency;
			target = EA29385A26BFB103000B5045 /* Prework */;
			targetProxy = EA29387226BFB104000B5045 /* PBXContainerItemProxy */;
		};
		EA29387E26BFB104000B5045 /* PBXTargetDependency */ = {
			isa = PBXTargetDependency;
			target = EA29385A26BFB103000B5045 /* Prework */;
			targetProxy = EA29387D26BFB104000B5045 /* PBXContainerItemProxy */;
		};
/* End PBXTargetDependency section */

/* Begin PBXVariantGroup section */
		EA29386426BFB103000B5045 /* Main.storyboard */ = {
			isa = PBXVariantGroup;
			children = (
				EA29386526BFB103000B5045 /* Base */,
			);
			name = Main.storyboard;
			sourceTree = "<group>";
		};
		EA29386926BFB104000B5045 /* LaunchScreen.storyboard */ = {
			isa = PBXVariantGroup;
			children = (
				EA29386A26BFB104000B5045 /* Base */,
			);
			name = LaunchScreen.storyboard;
			sourceTree = "<group>";
		};
/* End PBXVariantGroup section */

/* Begin XCBuildConfiguration section */
		EA29388326BFB105000B5045 /* Debug */ = {
			isa = XCBuildConfiguration;
			buildSettings = {
				ALWAYS_SEARCH_USER_PATHS = NO;
				CLANG_ANALYZER_NONNULL = YES;
				CLANG_ANALYZER_NUMBER_OBJECT_CONVERSION = YES_AGGRESSIVE;
				CLANG_CXX_LANGUAGE_STANDARD = "gnu++14";
				CLANG_CXX_LIBRARY = "libc++";
				CLANG_ENABLE_MODULES = YES;
				CLANG_ENABLE_OBJC_ARC = YES;
				CLANG_ENABLE_OBJC_WEAK = YES;
				CLANG_WARN_BLOCK_CAPTURE_AUTORELEASING = YES;
				CLANG_WARN_BOOL_CONVERSION = YES;
				CLANG_WARN_COMMA = YES;
				CLANG_WARN_CONSTANT_CONVERSION = YES;
				CLANG_WARN_DEPRECATED_OBJC_IMPLEMENTATIONS = YES;
				CLANG_WARN_DIRECT_OBJC_ISA_USAGE = YES_ERROR;
				CLANG_WARN_DOCUMENTATION_COMMENTS = YES;
				CLANG_WARN_EMPTY_BODY = YES;
				CLANG_WARN_ENUM_CONVERSION = YES;
				CLANG_WARN_INFINITE_RECURSION = YES;
				CLANG_WARN_INT_CONVERSION = YES;
				CLANG_WARN_NON_LITERAL_NULL_CONVERSION = YES;
				CLANG_WARN_OBJC_IMPLICIT_RETAIN_SELF = YES;
				CLANG_WARN_OBJC_LITERAL_CONVERSION = YES;
				CLANG_WARN_OBJC_ROOT_CLASS = YES_ERROR;
				CLANG_WARN_QUOTED_INCLUDE_IN_FRAMEWORK_HEADER = YES;
				CLANG_WARN_RANGE_LOOP_ANALYSIS = YES;
				CLANG_WARN_STRICT_PROTOTYPES = YES;
				CLANG_WARN_SUSPICIOUS_MOVE = YES;
				CLANG_WARN_UNGUARDED_AVAILABILITY = YES_AGGRESSIVE;
				CLANG_WARN_UNREACHABLE_CODE = YES;
				CLANG_WARN__DUPLICATE_METHOD_MATCH = YES;
				COPY_PHASE_STRIP = NO;
				DEBUG_INFORMATION_FORMAT = dwarf;
				ENABLE_STRICT_OBJC_MSGSEND = YES;
				ENABLE_TESTABILITY = YES;
				GCC_C_LANGUAGE_STANDARD = gnu11;
				GCC_DYNAMIC_NO_PIC = NO;
				GCC_NO_COMMON_BLOCKS = YES;
				GCC_OPTIMIZATION_LEVEL = 0;
				GCC_PREPROCESSOR_DEFINITIONS = (
					"DEBUG=1",
					"$(inherited)",
				);
				GCC_WARN_64_TO_32_BIT_CONVERSION = YES;
				GCC_WARN_ABOUT_RETURN_TYPE = YES_ERROR;
				GCC_WARN_UNDECLARED_SELECTOR = YES;
				GCC_WARN_UNINITIALIZED_AUTOS = YES_AGGRESSIVE;
				GCC_WARN_UNUSED_FUNCTION = YES;
				GCC_WARN_UNUSED_VARIABLE = YES;
				IPHONEOS_DEPLOYMENT_TARGET = 14.5;
				MTL_ENABLE_DEBUG_INFO = INCLUDE_SOURCE;
				MTL_FAST_MATH = YES;
				ONLY_ACTIVE_ARCH = YES;
				SDKROOT = iphoneos;
				SWIFT_ACTIVE_COMPILATION_CONDITIONS = DEBUG;
				SWIFT_OPTIMIZATION_LEVEL = "-Onone";
			};
			name = Debug;
		};
		EA29388426BFB105000B5045 /* Release */ = {
			isa = XCBuildConfiguration;
			buildSettings = {
				ALWAYS_SEARCH_USER_PATHS = NO;
				CLANG_ANALYZER_NONNULL = YES;
				CLANG_ANALYZER_NUMBER_OBJECT_CONVERSION = YES_AGGRESSIVE;
				CLANG_CXX_LANGUAGE_STANDARD = "gnu++14";
				CLANG_CXX_LIBRARY = "libc++";
				CLANG_ENABLE_MODULES = YES;
				CLANG_ENABLE_OBJC_ARC = YES;
				CLANG_ENABLE_OBJC_WEAK = YES;
				CLANG_WARN_BLOCK_CAPTURE_AUTORELEASING = YES;
				CLANG_WARN_BOOL_CONVERSION = YES;
				CLANG_WARN_COMMA = YES;
				CLANG_WARN_CONSTANT_CONVERSION = YES;
				CLANG_WARN_DEPRECATED_OBJC_IMPLEMENTATIONS = YES;
				CLANG_WARN_DIRECT_OBJC_ISA_USAGE = YES_ERROR;
				CLANG_WARN_DOCUMENTATION_COMMENTS = YES;
				CLANG_WARN_EMPTY_BODY = YES;
				CLANG_WARN_ENUM_CONVERSION = YES;
				CLANG_WARN_INFINITE_RECURSION = YES;
				CLANG_WARN_INT_CONVERSION = YES;
				CLANG_WARN_NON_LITERAL_NULL_CONVERSION = YES;
				CLANG_WARN_OBJC_IMPLICIT_RETAIN_SELF = YES;
				CLANG_WARN_OBJC_LITERAL_CONVERSION = YES;
				CLANG_WARN_OBJC_ROOT_CLASS = YES_ERROR;
				CLANG_WARN_QUOTED_INCLUDE_IN_FRAMEWORK_HEADER = YES;
				CLANG_WARN_RANGE_LOOP_ANALYSIS = YES;
				CLANG_WARN_STRICT_PROTOTYPES = YES;
				CLANG_WARN_SUSPICIOUS_MOVE = YES;
				CLANG_WARN_UNGUARDED_AVAILABILITY = YES_AGGRESSIVE;
				CLANG_WARN_UNREACHABLE_CODE = YES;
				CLANG_WARN__DUPLICATE_METHOD_MATCH = YES;
				COPY_PHASE_STRIP = NO;
				DEBUG_INFORMATION_FORMAT = "dwarf-with-dsym";
				ENABLE_NS_ASSERTIONS = NO;
				ENABLE_STRICT_OBJC_MSGSEND = YES;
				GCC_C_LANGUAGE_STANDARD = gnu11;
				GCC_NO_COMMON_BLOCKS = YES;
				GCC_WARN_64_TO_32_BIT_CONVERSION = YES;
				GCC_WARN_ABOUT_RETURN_TYPE = YES_ERROR;
				GCC_WARN_UNDECLARED_SELECTOR = YES;
				GCC_WARN_UNINITIALIZED_AUTOS = YES_AGGRESSIVE;
				GCC_WARN_UNUSED_FUNCTION = YES;
				GCC_WARN_UNUSED_VARIABLE = YES;
				IPHONEOS_DEPLOYMENT_TARGET = 14.5;
				MTL_ENABLE_DEBUG_INFO = NO;
				MTL_FAST_MATH = YES;
				SDKROOT = iphoneos;
				SWIFT_COMPILATION_MODE = wholemodule;
				SWIFT_OPTIMIZATION_LEVEL = "-O";
				VALIDATE_PRODUCT = YES;
			};
			name = Release;
		};
		EA29388626BFB105000B5045 /* Debug */ = {
			isa = XCBuildConfiguration;
			buildSettings = {
				ASSETCATALOG_COMPILER_APPICON_NAME = AppIcon;
				ASSETCATALOG_COMPILER_GLOBAL_ACCENT_COLOR_NAME = AccentColor;
				CODE_SIGN_STYLE = Automatic;
				INFOPLIST_FILE = Prework/Info.plist;
				LD_RUNPATH_SEARCH_PATHS = (
					"$(inherited)",
					"@executable_path/Frameworks",
				);
				PRODUCT_BUNDLE_IDENTIFIER = memo.com.Prework;
				PRODUCT_NAME = "$(TARGET_NAME)";
				SWIFT_VERSION = 5.0;
				TARGETED_DEVICE_FAMILY = "1,2";
			};
			name = Debug;
		};
		EA29388726BFB105000B5045 /* Release */ = {
			isa = XCBuildConfiguration;
			buildSettings = {
				ASSETCATALOG_COMPILER_APPICON_NAME = AppIcon;
				ASSETCATALOG_COMPILER_GLOBAL_ACCENT_COLOR_NAME = AccentColor;
				CODE_SIGN_STYLE = Automatic;
				INFOPLIST_FILE = Prework/Info.plist;
				LD_RUNPATH_SEARCH_PATHS = (
					"$(inherited)",
					"@executable_path/Frameworks",
				);
				PRODUCT_BUNDLE_IDENTIFIER = memo.com.Prework;
				PRODUCT_NAME = "$(TARGET_NAME)";
				SWIFT_VERSION = 5.0;
				TARGETED_DEVICE_FAMILY = "1,2";
			};
			name = Release;
		};
		EA29388926BFB105000B5045 /* Debug */ = {
			isa = XCBuildConfiguration;
			buildSettings = {
				ALWAYS_EMBED_SWIFT_STANDARD_LIBRARIES = YES;
				BUNDLE_LOADER = "$(TEST_HOST)";
				CODE_SIGN_STYLE = Automatic;
				INFOPLIST_FILE = PreworkTests/Info.plist;
				IPHONEOS_DEPLOYMENT_TARGET = 14.5;
				LD_RUNPATH_SEARCH_PATHS = (
					"$(inherited)",
					"@executable_path/Frameworks",
					"@loader_path/Frameworks",
				);
				PRODUCT_BUNDLE_IDENTIFIER = memo.com.PreworkTests;
				PRODUCT_NAME = "$(TARGET_NAME)";
				SWIFT_VERSION = 5.0;
				TARGETED_DEVICE_FAMILY = "1,2";
				TEST_HOST = "$(BUILT_PRODUCTS_DIR)/Prework.app/Prework";
			};
			name = Debug;
		};
		EA29388A26BFB105000B5045 /* Release */ = {
			isa = XCBuildConfiguration;
			buildSettings = {
				ALWAYS_EMBED_SWIFT_STANDARD_LIBRARIES = YES;
				BUNDLE_LOADER = "$(TEST_HOST)";
				CODE_SIGN_STYLE = Automatic;
				INFOPLIST_FILE = PreworkTests/Info.plist;
				IPHONEOS_DEPLOYMENT_TARGET = 14.5;
				LD_RUNPATH_SEARCH_PATHS = (
					"$(inherited)",
					"@executable_path/Frameworks",
					"@loader_path/Frameworks",
				);
				PRODUCT_BUNDLE_IDENTIFIER = memo.com.PreworkTests;
				PRODUCT_NAME = "$(TARGET_NAME)";
				SWIFT_VERSION = 5.0;
				TARGETED_DEVICE_FAMILY = "1,2";
				TEST_HOST = "$(BUILT_PRODUCTS_DIR)/Prework.app/Prework";
			};
			name = Release;
		};
		EA29388C26BFB105000B5045 /* Debug */ = {
			isa = XCBuildConfiguration;
			buildSettings = {
				ALWAYS_EMBED_SWIFT_STANDARD_LIBRARIES = YES;
				CODE_SIGN_STYLE = Automatic;
				INFOPLIST_FILE = PreworkUITests/Info.plist;
				LD_RUNPATH_SEARCH_PATHS = (
					"$(inherited)",
					"@executable_path/Frameworks",
					"@loader_path/Frameworks",
				);
				PRODUCT_BUNDLE_IDENTIFIER = memo.com.PreworkUITests;
				PRODUCT_NAME = "$(TARGET_NAME)";
				SWIFT_VERSION = 5.0;
				TARGETED_DEVICE_FAMILY = "1,2";
				TEST_TARGET_NAME = Prework;
			};
			name = Debug;
		};
		EA29388D26BFB105000B5045 /* Release */ = {
			isa = XCBuildConfiguration;
			buildSettings = {
				ALWAYS_EMBED_SWIFT_STANDARD_LIBRARIES = YES;
				CODE_SIGN_STYLE = Automatic;
				INFOPLIST_FILE = PreworkUITests/Info.plist;
				LD_RUNPATH_SEARCH_PATHS = (
					"$(inherited)",
					"@executable_path/Frameworks",
					"@loader_path/Frameworks",
				);
				PRODUCT_BUNDLE_IDENTIFIER = memo.com.PreworkUITests;
				PRODUCT_NAME = "$(TARGET_NAME)";
				SWIFT_VERSION = 5.0;
				TARGETED_DEVICE_FAMILY = "1,2";
				TEST_TARGET_NAME = Prework;
			};
			name = Release;
		};
/* End XCBuildConfiguration section */

/* Begin XCConfigurationList section */
		EA29385626BFB103000B5045 /* Build configuration list for PBXProject "Prework" */ = {
			isa = XCConfigurationList;
			buildConfigurations = (
				EA29388326BFB105000B5045 /* Debug */,
				EA29388426BFB105000B5045 /* Release */,
			);
			defaultConfigurationIsVisible = 0;
			defaultConfigurationName = Release;
		};
		EA29388526BFB105000B5045 /* Build configuration list for PBXNativeTarget "Prework" */ = {
			isa = XCConfigurationList;
			buildConfigurations = (
				EA29388626BFB105000B5045 /* Debug */,
				EA29388726BFB105000B5045 /* Release */,
			);
			defaultConfigurationIsVisible = 0;
			defaultConfigurationName = Release;
		};
		EA29388826BFB105000B5045 /* Build configuration list for PBXNativeTarget "PreworkTests" */ = {
			isa = XCConfigurationList;
			buildConfigurations = (
				EA29388926BFB105000B5045 /* Debug */,
				EA29388A26BFB105000B5045 /* Release */,
			);
			defaultConfigurationIsVisible = 0;
			defaultConfigurationName = Release;
		};
		EA29388B26BFB105000B5045 /* Build configuration list for PBXNativeTarget "PreworkUITests" */ = {
			isa = XCConfigurationList;
			buildConfigurations = (
				EA29388C26BFB105000B5045 /* Debug */,
				EA29388D26BFB105000B5045 /* Release */,
			);
			defaultConfigurationIsVisible = 0;
			defaultConfigurationName = Release;
		};
/* End XCConfigurationList section */
	};
	rootObject = EA29385326BFB103000B5045 /* Project object */;
}
